
Microsoft Visual Studio Solution File, Format Version 12.00
# Visual Studio Version 17
VisualStudioVersion = 17.14.36301.6 d17.14
MinimumVisualStudioVersion = 10.0.40219.1
Project("{C9674DCB-5085-4A16-B785-4C70DD1589BD}") = "Laboratorio1", "Laboratorio1.dtproj", "{AA081DBC-F03C-FF01-C1DD-1535B5DC5423}"
EndProject
Global
	GlobalSection(SolutionConfigurationPlatforms) = preSolution
		Development|Default = Development|Default
	EndGlobalSection
	GlobalSection(ProjectConfigurationPlatforms) = postSolution
		{AA081DBC-F03C-FF01-C1DD-1535B5DC5423}.Development|Default.ActiveCfg = Development
		{AA081DBC-F03C-FF01-C1DD-1535B5DC5423}.Development|Default.Build.0 = Development
	EndGlobalSection
	GlobalSection(SolutionProperties) = preSolution
		HideSolutionNode = FALSE
	EndGlobalSection
	GlobalSection(ExtensibilityGlobals) = postSolution
		SolutionGuid = {FD6CB756-1C88-44E2-970B-5E17E7EA2B03}
	EndGlobalSection
EndGlobal
